// !$*UTF8*$!
{
	archiveVersion = 1;
	classes = {
	};
	objectVersion = 46;
	objects = {

/* Begin PBXBuildFile section */
		3D0A519F1BD4428400A6E2E9 /* AppDelegate.swift in Sources */ = {isa = PBXBuildFile; fileRef = 3D0A519E1BD4428400A6E2E9 /* AppDelegate.swift */; };
		3D0A51A11BD4428400A6E2E9 /* ViewController.swift in Sources */ = {isa = PBXBuildFile; fileRef = 3D0A51A01BD4428400A6E2E9 /* ViewController.swift */; };
		3D0A51A41BD4428400A6E2E9 /* Main.storyboard in Resources */ = {isa = PBXBuildFile; fileRef = 3D0A51A21BD4428400A6E2E9 /* Main.storyboard */; };
		3D0A51A61BD4428400A6E2E9 /* Assets.xcassets in Resources */ = {isa = PBXBuildFile; fileRef = 3D0A51A51BD4428400A6E2E9 /* Assets.xcassets */; };
		3D0A51A91BD4428400A6E2E9 /* LaunchScreen.storyboard in Resources */ = {isa = PBXBuildFile; fileRef = 3D0A51A71BD4428400A6E2E9 /* LaunchScreen.storyboard */; };
		3D0A51B41BD4428400A6E2E9 /* Mime2Tests.swift in Sources */ = {isa = PBXBuildFile; fileRef = 3D0A51B31BD4428400A6E2E9 /* Mime2Tests.swift */; };
		3D0A51BF1BD4428400A6E2E9 /* Mime2UITests.swift in Sources */ = {isa = PBXBuildFile; fileRef = 3D0A51BE1BD4428400A6E2E9 /* Mime2UITests.swift */; };
/* End PBXBuildFile section */

/* Begin PBXContainerItemProxy section */
		3D0A51B01BD4428400A6E2E9 /* PBXContainerItemProxy */ = {
			isa = PBXContainerItemProxy;
			containerPortal = 3D0A51931BD4428300A6E2E9 /* Project object */;
			proxyType = 1;
			remoteGlobalIDString = 3D0A519A1BD4428300A6E2E9;
			remoteInfo = Mime2;
		};
		3D0A51BB1BD4428400A6E2E9 /* PBXContainerItemProxy */ = {
			isa = PBXContainerItemProxy;
			containerPortal = 3D0A51931BD4428300A6E2E9 /* Project object */;
			proxyType = 1;
			remoteGlobalIDString = 3D0A519A1BD4428300A6E2E9;
			remoteInfo = Mime2;
		};
/* End PBXContainerItemProxy section */

/* Begin PBXFileReference section */
		3D0A519B1BD4428300A6E2E9 /* Mime2.app */ = {isa = PBXFileReference; explicitFileType = wrapper.application; includeInIndex = 0; path = Mime2.app; sourceTree = BUILT_PRODUCTS_DIR; };
		3D0A519E1BD4428400A6E2E9 /* AppDelegate.swift */ = {isa = PBXFileReference; lastKnownFileType = sourcecode.swift; path = AppDelegate.swift; sourceTree = "<group>"; };
		3D0A51A01BD4428400A6E2E9 /* ViewController.swift */ = {isa = PBXFileReference; lastKnownFileType = sourcecode.swift; path = ViewController.swift; sourceTree = "<group>"; };
		3D0A51A31BD4428400A6E2E9 /* Base */ = {isa = PBXFileReference; lastKnownFileType = file.storyboard; name = Base; path = Base.lproj/Main.storyboard; sourceTree = "<group>"; };
		3D0A51A51BD4428400A6E2E9 /* Assets.xcassets */ = {isa = PBXFileReference; lastKnownFileType = folder.assetcatalog; path = Assets.xcassets; sourceTree = "<group>"; };
		3D0A51A81BD4428400A6E2E9 /* Base */ = {isa = PBXFileReference; lastKnownFileType = file.storyboard; name = Base; path = Base.lproj/LaunchScreen.storyboard; sourceTree = "<group>"; };
		3D0A51AA1BD4428400A6E2E9 /* Info.plist */ = {isa = PBXFileReference; lastKnownFileType = text.plist.xml; path = Info.plist; sourceTree = "<group>"; };
		3D0A51AF1BD4428400A6E2E9 /* Mime2Tests.xctest */ = {isa = PBXFileReference; explicitFileType = wrapper.cfbundle; includeInIndex = 0; path = Mime2Tests.xctest; sourceTree = BUILT_PRODUCTS_DIR; };
		3D0A51B31BD4428400A6E2E9 /* Mime2Tests.swift */ = {isa = PBXFileReference; lastKnownFileType = sourcecode.swift; path = Mime2Tests.swift; sourceTree = "<group>"; };
		3D0A51B51BD4428400A6E2E9 /* Info.plist */ = {isa = PBXFileReference; lastKnownFileType = text.plist.xml; path = Info.plist; sourceTree = "<group>"; };
		3D0A51BA1BD4428400A6E2E9 /* Mime2UITests.xctest */ = {isa = PBXFileReference; explicitFileType = wrapper.cfbundle; includeInIndex = 0; path = Mime2UITests.xctest; sourceTree = BUILT_PRODUCTS_DIR; };
		3D0A51BE1BD4428400A6E2E9 /* Mime2UITests.swift */ = {isa = PBXFileReference; lastKnownFileType = sourcecode.swift; path = Mime2UITests.swift; sourceTree = "<group>"; };
		3D0A51C01BD4428400A6E2E9 /* Info.plist */ = {isa = PBXFileReference; lastKnownFileType = text.plist.xml; path = Info.plist; sourceTree = "<group>"; };
/* End PBXFileReference section */

/* Begin PBXFrameworksBuildPhase section */
		3D0A51981BD4428300A6E2E9 /* Frameworks */ = {
			isa = PBXFrameworksBuildPhase;
			buildActionMask = 2147483647;
			files = (
			);
			runOnlyForDeploymentPostprocessing = 0;
		};
		3D0A51AC1BD4428400A6E2E9 /* Frameworks */ = {
			isa = PBXFrameworksBuildPhase;
			buildActionMask = 2147483647;
			files = (
			);
			runOnlyForDeploymentPostprocessing = 0;
		};
		3D0A51B71BD4428400A6E2E9 /* Frameworks */ = {
			isa = PBXFrameworksBuildPhase;
			buildActionMask = 2147483647;
			files = (
			);
			runOnlyForDeploymentPostprocessing = 0;
		};
/* End PBXFrameworksBuildPhase section */

/* Begin PBXGroup section */
		3D0A51921BD4428300A6E2E9 = {
			isa = PBXGroup;
			children = (
				3D0A519D1BD4428400A6E2E9 /* Mime2 */,
				3D0A51B21BD4428400A6E2E9 /* Mime2Tests */,
				3D0A51BD1BD4428400A6E2E9 /* Mime2UITests */,
				3D0A519C1BD4428400A6E2E9 /* Products */,
			);
			sourceTree = "<group>";
		};
		3D0A519C1BD4428400A6E2E9 /* Products */ = {
			isa = PBXGroup;
			children = (
				3D0A519B1BD4428300A6E2E9 /* Mime2.app */,
				3D0A51AF1BD4428400A6E2E9 /* Mime2Tests.xctest */,
				3D0A51BA1BD4428400A6E2E9 /* Mime2UITests.xctest */,
			);
			name = Products;
			sourceTree = "<group>";
		};
		3D0A519D1BD4428400A6E2E9 /* Mime2 */ = {
			isa = PBXGroup;
			children = (
				3D0A519E1BD4428400A6E2E9 /* AppDelegate.swift */,
				3D0A51A01BD4428400A6E2E9 /* ViewController.swift */,
				3D0A51A21BD4428400A6E2E9 /* Main.storyboard */,
				3D0A51A51BD4428400A6E2E9 /* Assets.xcassets */,
				3D0A51A71BD4428400A6E2E9 /* LaunchScreen.storyboard */,
				3D0A51AA1BD4428400A6E2E9 /* Info.plist */,
			);
			path = Mime2;
			sourceTree = "<group>";
		};
		3D0A51B21BD4428400A6E2E9 /* Mime2Tests */ = {
			isa = PBXGroup;
			children = (
				3D0A51B31BD4428400A6E2E9 /* Mime2Tests.swift */,
				3D0A51B51BD4428400A6E2E9 /* Info.plist */,
			);
			path = Mime2Tests;
			sourceTree = "<group>";
		};
		3D0A51BD1BD4428400A6E2E9 /* Mime2UITests */ = {
			isa = PBXGroup;
			children = (
				3D0A51BE1BD4428400A6E2E9 /* Mime2UITests.swift */,
				3D0A51C01BD4428400A6E2E9 /* Info.plist */,
			);
			path = Mime2UITests;
			sourceTree = "<group>";
		};
/* End PBXGroup section */

/* Begin PBXNativeTarget section */
		3D0A519A1BD4428300A6E2E9 /* Mime2 */ = {
			isa = PBXNativeTarget;
			buildConfigurationList = 3D0A51C31BD4428400A6E2E9 /* Build configuration list for PBXNativeTarget "Mime2" */;
			buildPhases = (
				3D0A51971BD4428300A6E2E9 /* Sources */,
				3D0A51981BD4428300A6E2E9 /* Frameworks */,
				3D0A51991BD4428300A6E2E9 /* Resources */,
			);
			buildRules = (
			);
			dependencies = (
			);
			name = Mime2;
			productName = Mime2;
			productReference = 3D0A519B1BD4428300A6E2E9 /* Mime2.app */;
			productType = "com.apple.product-type.application";
		};
		3D0A51AE1BD4428400A6E2E9 /* Mime2Tests */ = {
			isa = PBXNativeTarget;
			buildConfigurationList = 3D0A51C61BD4428400A6E2E9 /* Build configuration list for PBXNativeTarget "Mime2Tests" */;
			buildPhases = (
				3D0A51AB1BD4428400A6E2E9 /* Sources */,
				3D0A51AC1BD4428400A6E2E9 /* Frameworks */,
				3D0A51AD1BD4428400A6E2E9 /* Resources */,
			);
			buildRules = (
			);
			dependencies = (
				3D0A51B11BD4428400A6E2E9 /* PBXTargetDependency */,
			);
			name = Mime2Tests;
			productName = Mime2Tests;
			productReference = 3D0A51AF1BD4428400A6E2E9 /* Mime2Tests.xctest */;
			productType = "com.apple.product-type.bundle.unit-test";
		};
		3D0A51B91BD4428400A6E2E9 /* Mime2UITests */ = {
			isa = PBXNativeTarget;
			buildConfigurationList = 3D0A51C91BD4428400A6E2E9 /* Build configuration list for PBXNativeTarget "Mime2UITests" */;
			buildPhases = (
				3D0A51B61BD4428400A6E2E9 /* Sources */,
				3D0A51B71BD4428400A6E2E9 /* Frameworks */,
				3D0A51B81BD4428400A6E2E9 /* Resources */,
			);
			buildRules = (
			);
			dependencies = (
				3D0A51BC1BD4428400A6E2E9 /* PBXTargetDependency */,
			);
			name = Mime2UITests;
			productName = Mime2UITests;
			productReference = 3D0A51BA1BD4428400A6E2E9 /* Mime2UITests.xctest */;
			productType = "com.apple.product-type.bundle.ui-testing";
		};
/* End PBXNativeTarget section */

/* Begin PBXProject section */
		3D0A51931BD4428300A6E2E9 /* Project object */ = {
			isa = PBXProject;
			attributes = {
				LastUpgradeCheck = 0700;
				ORGANIZATIONNAME = "William Judd";
				TargetAttributes = {
					3D0A519A1BD4428300A6E2E9 = {
						CreatedOnToolsVersion = 7.0.1;
					};
					3D0A51AE1BD4428400A6E2E9 = {
						CreatedOnToolsVersion = 7.0.1;
						TestTargetID = 3D0A519A1BD4428300A6E2E9;
					};
					3D0A51B91BD4428400A6E2E9 = {
						CreatedOnToolsVersion = 7.0.1;
						TestTargetID = 3D0A519A1BD4428300A6E2E9;
					};
				};
			};
			buildConfigurationList = 3D0A51961BD4428300A6E2E9 /* Build configuration list for PBXProject "Mime2" */;
			compatibilityVersion = "Xcode 3.2";
			developmentRegion = English;
			hasScannedForEncodings = 0;
			knownRegions = (
				en,
				Base,
			);
			mainGroup = 3D0A51921BD4428300A6E2E9;
			productRefGroup = 3D0A519C1BD4428400A6E2E9 /* Products */;
			projectDirPath = "";
			projectRoot = "";
			targets = (
				3D0A519A1BD4428300A6E2E9 /* Mime2 */,
				3D0A51AE1BD4428400A6E2E9 /* Mime2Tests */,
				3D0A51B91BD4428400A6E2E9 /* Mime2UITests */,
			);
		};
/* End PBXProject section */

/* Begin PBXResourcesBuildPhase section */
		3D0A51991BD4428300A6E2E9 /* Resources */ = {
			isa = PBXResourcesBuildPhase;
			buildActionMask = 2147483647;
			files = (
				3D0A51A91BD4428400A6E2E9 /* LaunchScreen.storyboard in Resources */,
				3D0A51A61BD4428400A6E2E9 /* Assets.xcassets in Resources */,
				3D0A51A41BD4428400A6E2E9 /* Main.storyboard in Resources */,
			);
			runOnlyForDeploymentPostprocessing = 0;
		};
		3D0A51AD1BD4428400A6E2E9 /* Resources */ = {
			isa = PBXResourcesBuildPhase;
			buildActionMask = 2147483647;
			files = (
			);
			runOnlyForDeploymentPostprocessing = 0;
		};
		3D0A51B81BD4428400A6E2E9 /* Resources */ = {
			isa = PBXResourcesBuildPhase;
			buildActionMask = 2147483647;
			files = (
			);
			runOnlyForDeploymentPostprocessing = 0;
		};
/* End PBXResourcesBuildPhase section */

/* Begin PBXSourcesBuildPhase section */
		3D0A51971BD4428300A6E2E9 /* Sources */ = {
			isa = PBXSourcesBuildPhase;
			buildActionMask = 2147483647;
			files = (
				3D0A51A11BD4428400A6E2E9 /* ViewController.swift in Sources */,
				3D0A519F1BD4428400A6E2E9 /* AppDelegate.swift in Sources */,
			);
			runOnlyForDeploymentPostprocessing = 0;
		};
		3D0A51AB1BD4428400A6E2E9 /* Sources */ = {
			isa = PBXSourcesBuildPhase;
			buildActionMask = 2147483647;
			files = (
				3D0A51B41BD4428400A6E2E9 /* Mime2Tests.swift in Sources */,
			);
			runOnlyForDeploymentPostprocessing = 0;
		};
		3D0A51B61BD4428400A6E2E9 /* Sources */ = {
			isa = PBXSourcesBuildPhase;
			buildActionMask = 2147483647;
			files = (
				3D0A51BF1BD4428400A6E2E9 /* Mime2UITests.swift in Sources */,
			);
			runOnlyForDeploymentPostprocessing = 0;
		};
/* End PBXSourcesBuildPhase section */

/* Begin PBXTargetDependency section */
		3D0A51B11BD4428400A6E2E9 /* PBXTargetDependency */ = {
			isa = PBXTargetDependency;
			target = 3D0A519A1BD4428300A6E2E9 /* Mime2 */;
			targetProxy = 3D0A51B01BD4428400A6E2E9 /* PBXContainerItemProxy */;
		};
		3D0A51BC1BD4428400A6E2E9 /* PBXTargetDependency */ = {
			isa = PBXTargetDependency;
			target = 3D0A519A1BD4428300A6E2E9 /* Mime2 */;
			targetProxy = 3D0A51BB1BD4428400A6E2E9 /* PBXContainerItemProxy */;
		};
/* End PBXTargetDependency section */

/* Begin PBXVariantGroup section */
		3D0A51A21BD4428400A6E2E9 /* Main.storyboard */ = {
			isa = PBXVariantGroup;
			children = (
				3D0A51A31BD4428400A6E2E9 /* Base */,
			);
			name = Main.storyboard;
			sourceTree = "<group>";
		};
		3D0A51A71BD4428400A6E2E9 /* LaunchScreen.storyboard */ = {
			isa = PBXVariantGroup;
			children = (
				3D0A51A81BD4428400A6E2E9 /* Base */,
			);
			name = LaunchScreen.storyboard;
			sourceTree = "<group>";
		};
/* End PBXVariantGroup section */

/* Begin XCBuildConfiguration section */
		3D0A51C11BD4428400A6E2E9 /* Debug */ = {
			isa = XCBuildConfiguration;
			buildSettings = {
				ALWAYS_SEARCH_USER_PATHS = NO;
				CLANG_CXX_LANGUAGE_STANDARD = "gnu++0x";
				CLANG_CXX_LIBRARY = "libc++";
				CLANG_ENABLE_MODULES = YES;
				CLANG_ENABLE_OBJC_ARC = YES;
				CLANG_WARN_BOOL_CONVERSION = YES;
				CLANG_WARN_CONSTANT_CONVERSION = YES;
				CLANG_WARN_DIRECT_OBJC_ISA_USAGE = YES_ERROR;
				CLANG_WARN_EMPTY_BODY = YES;
				CLANG_WARN_ENUM_CONVERSION = YES;
				CLANG_WARN_INT_CONVERSION = YES;
				CLANG_WARN_OBJC_ROOT_CLASS = YES_ERROR;
				CLANG_WARN_UNREACHABLE_CODE = YES;
				CLANG_WARN__DUPLICATE_METHOD_MATCH = YES;
				"CODE_SIGN_IDENTITY[sdk=iphoneos*]" = "iPhone Developer";
				COPY_PHASE_STRIP = NO;
				DEBUG_INFORMATION_FORMAT = dwarf;
				ENABLE_STRICT_OBJC_MSGSEND = YES;
				ENABLE_TESTABILITY = YES;
				GCC_C_LANGUAGE_STANDARD = gnu99;
				GCC_DYNAMIC_NO_PIC = NO;
				GCC_NO_COMMON_BLOCKS = YES;
				GCC_OPTIMIZATION_LEVEL = 0;
				GCC_PREPROCESSOR_DEFINITIONS = (
					"DEBUG=1",
					"$(inherited)",
				);
				GCC_WARN_64_TO_32_BIT_CONVERSION = YES;
				GCC_WARN_ABOUT_RETURN_TYPE = YES_ERROR;
				GCC_WARN_UNDECLARED_SELECTOR = YES;
				GCC_WARN_UNINITIALIZED_AUTOS = YES_AGGRESSIVE;
				GCC_WARN_UNUSED_FUNCTION = YES;
				GCC_WARN_UNUSED_VARIABLE = YES;
				IPHONEOS_DEPLOYMENT_TARGET = 9.0;
				MTL_ENABLE_DEBUG_INFO = YES;
				ONLY_ACTIVE_ARCH = YES;
				SDKROOT = iphoneos;
				SWIFT_OPTIMIZATION_LEVEL = "-Onone";
			};
			name = Debug;
		};
		3D0A51C21BD4428400A6E2E9 /* Release */ = {
			isa = XCBuildConfiguration;
			buildSettings = {
				ALWAYS_SEARCH_USER_PATHS = NO;
				CLANG_CXX_LANGUAGE_STANDARD = "gnu++0x";
				CLANG_CXX_LIBRARY = "libc++";
				CLANG_ENABLE_MODULES = YES;
				CLANG_ENABLE_OBJC_ARC = YES;
				CLANG_WARN_BOOL_CONVERSION = YES;
				CLANG_WARN_CONSTANT_CONVERSION = YES;
				CLANG_WARN_DIRECT_OBJC_ISA_USAGE = YES_ERROR;
				CLANG_WARN_EMPTY_BODY = YES;
				CLANG_WARN_ENUM_CONVERSION = YES;
				CLANG_WARN_INT_CONVERSION = YES;
				CLANG_WARN_OBJC_ROOT_CLASS = YES_ERROR;
				CLANG_WARN_UNREACHABLE_CODE = YES;
				CLANG_WARN__DUPLICATE_METHOD_MATCH = YES;
				"CODE_SIGN_IDENTITY[sdk=iphoneos*]" = "iPhone Developer";
				COPY_PHASE_STRIP = NO;
				DEBUG_INFORMATION_FORMAT = "dwarf-with-dsym";
				ENABLE_NS_ASSERTIONS = NO;
				ENABLE_STRICT_OBJC_MSGSEND = YES;
				GCC_C_LANGUAGE_STANDARD = gnu99;
				GCC_NO_COMMON_BLOCKS = YES;
				GCC_WARN_64_TO_32_BIT_CONVERSION = YES;
				GCC_WARN_ABOUT_RETURN_TYPE = YES_ERROR;
				GCC_WARN_UNDECLARED_SELECTOR = YES;
				GCC_WARN_UNINITIALIZED_AUTOS = YES_AGGRESSIVE;
				GCC_WARN_UNUSED_FUNCTION = YES;
				GCC_WARN_UNUSED_VARIABLE = YES;
				IPHONEOS_DEPLOYMENT_TARGET = 9.0;
				MTL_ENABLE_DEBUG_INFO = NO;
				SDKROOT = iphoneos;
				VALIDATE_PRODUCT = YES;
			};
			name = Release;
		};
		3D0A51C41BD4428400A6E2E9 /* Debug */ = {
			isa = XCBuildConfiguration;
			buildSettings = {
				ASSETCATALOG_COMPILER_APPICON_NAME = AppIcon;
				INFOPLIST_FILE = Mime2/Info.plist;
				LD_RUNPATH_SEARCH_PATHS = "$(inherited) @executable_path/Frameworks";
				PRODUCT_BUNDLE_IDENTIFIER = "Think-Jinues.Mime2";
				PRODUCT_NAME = "$(TARGET_NAME)";
			};
			name = Debug;
		};
		3D0A51C51BD4428400A6E2E9 /* Release */ = {
			isa = XCBuildConfiguration;
			buildSettings = {
				ASSETCATALOG_COMPILER_APPICON_NAME = AppIcon;
				INFOPLIST_FILE = Mime2/Info.plist;
				LD_RUNPATH_SEARCH_PATHS = "$(inherited) @executable_path/Frameworks";
				PRODUCT_BUNDLE_IDENTIFIER = "Think-Jinues.Mime2";
				PRODUCT_NAME = "$(TARGET_NAME)";
			};
			name = Release;
		};
		3D0A51C71BD4428400A6E2E9 /* Debug */ = {
			isa = XCBuildConfiguration;
			buildSettings = {
				BUNDLE_LOADER = "$(TEST_HOST)";
				INFOPLIST_FILE = Mime2Tests/Info.plist;
				LD_RUNPATH_SEARCH_PATHS = "$(inherited) @executable_path/Frameworks @loader_path/Frameworks";
				PRODUCT_BUNDLE_IDENTIFIER = "Think-Jinues.Mime2Tests";
				PRODUCT_NAME = "$(TARGET_NAME)";
				TEST_HOST = "$(BUILT_PRODUCTS_DIR)/Mime2.app/Mime2";
			};
			name = Debug;
		};
		3D0A51C81BD4428400A6E2E9 /* Release */ = {
			isa = XCBuildConfiguration;
			buildSettings = {
				BUNDLE_LOADER = "$(TEST_HOST)";
				INFOPLIST_FILE = Mime2Tests/Info.plist;
				LD_RUNPATH_SEARCH_PATHS = "$(inherited) @executable_path/Frameworks @loader_path/Frameworks";
				PRODUCT_BUNDLE_IDENTIFIER = "Think-Jinues.Mime2Tests";
				PRODUCT_NAME = "$(TARGET_NAME)";
				TEST_HOST = "$(BUILT_PRODUCTS_DIR)/Mime2.app/Mime2";
			};
			name = Release;
		};
		3D0A51CA1BD4428400A6E2E9 /* Debug */ = {
			isa = XCBuildConfiguration;
			buildSettings = {
				INFOPLIST_FILE = Mime2UITests/Info.plist;
				LD_RUNPATH_SEARCH_PATHS = "$(inherited) @executable_path/Frameworks @loader_path/Frameworks";
				PRODUCT_BUNDLE_IDENTIFIER = "Think-Jinues.Mime2UITests";
				PRODUCT_NAME = "$(TARGET_NAME)";
				TEST_TARGET_NAME = Mime2;
				USES_XCTRUNNER = YES;
			};
			name = Debug;
		};
		3D0A51CB1BD4428400A6E2E9 /* Release */ = {
			isa = XCBuildConfiguration;
			buildSettings = {
				INFOPLIST_FILE = Mime2UITests/Info.plist;
				LD_RUNPATH_SEARCH_PATHS = "$(inherited) @executable_path/Frameworks @loader_path/Frameworks";
				PRODUCT_BUNDLE_IDENTIFIER = "Think-Jinues.Mime2UITests";
				PRODUCT_NAME = "$(TARGET_NAME)";
				TEST_TARGET_NAME = Mime2;
				USES_XCTRUNNER = YES;
			};
			name = Release;
		};
/* End XCBuildConfiguration section */

/* Begin XCConfigurationList section */
		3D0A51961BD4428300A6E2E9 /* Build configuration list for PBXProject "Mime2" */ = {
			isa = XCConfigurationList;
			buildConfigurations = (
				3D0A51C11BD4428400A6E2E9 /* Debug */,
				3D0A51C21BD4428400A6E2E9 /* Release */,
			);
			defaultConfigurationIsVisible = 0;
			defaultConfigurationName = Release;
		};
		3D0A51C31BD4428400A6E2E9 /* Build configuration list for PBXNativeTarget "Mime2" */ = {
			isa = XCConfigurationList;
			buildConfigurations = (
				3D0A51C41BD4428400A6E2E9 /* Debug */,
				3D0A51C51BD4428400A6E2E9 /* Release */,
			);
			defaultConfigurationIsVisible = 0;
		};
		3D0A51C61BD4428400A6E2E9 /* Build configuration list for PBXNativeTarget "Mime2Tests" */ = {
			isa = XCConfigurationList;
			buildConfigurations = (
				3D0A51C71BD4428400A6E2E9 /* Debug */,
				3D0A51C81BD4428400A6E2E9 /* Release */,
			);
			defaultConfigurationIsVisible = 0;
		};
		3D0A51C91BD4428400A6E2E9 /* Build configuration list for PBXNativeTarget "Mime2UITests" */ = {
			isa = XCConfigurationList;
			buildConfigurations = (
				3D0A51CA1BD4428400A6E2E9 /* Debug */,
				3D0A51CB1BD4428400A6E2E9 /* Release */,
			);
			defaultConfigurationIsVisible = 0;
		};
/* End XCConfigurationList section */
	};
	rootObject = 3D0A51931BD4428300A6E2E9 /* Project object */;
}
